
Microsoft Visual Studio Solution File, Format Version 12.00
# Visual Studio Version 16
VisualStudioVersion = 16.0.30907.101
MinimumVisualStudioVersion = 10.0.40219.1
Project("{9A19103F-16F7-4668-BE54-9A1E7A4F7556}") = "pocketnet.api", "api\api.csproj", "{890B3E70-7EE7-4177-AF86-CD080BD92E53}"
EndProject
Global
	GlobalSection(SolutionConfigurationPlatforms) = preSolution
		Debug|Any CPU = Debug|Any CPU
		Release|Any CPU = Release|Any CPU
	EndGlobalSection
	GlobalSection(ProjectConfigurationPlatforms) = postSolution
		{890B3E70-7EE7-4177-AF86-CD080BD92E53}.Debug|Any CPU.ActiveCfg = Debug|Any CPU
		{890B3E70-7EE7-4177-AF86-CD080BD92E53}.Debug|Any CPU.Build.0 = Debug|Any CPU
		{890B3E70-7EE7-4177-AF86-CD080BD92E53}.Release|Any CPU.ActiveCfg = Release|Any CPU
		{890B3E70-7EE7-4177-AF86-CD080BD92E53}.Release|Any CPU.Build.0 = Release|Any CPU
	EndGlobalSection
	GlobalSection(SolutionProperties) = preSolution
		HideSolutionNode = FALSE
	EndGlobalSection
	GlobalSection(ExtensibilityGlobals) = postSolution
		SolutionGuid = {8EAB1234-F006-4B8B-ACDD-3C693A446CBB}
	EndGlobalSection
EndGlobal
